
Microsoft Visual Studio Solution File, Format Version 12.00
# Visual Studio Version 16
VisualStudioVersion = 16.0.29201.188
MinimumVisualStudioVersion = 10.0.40219.1
Project("{8BC9CEB8-8B4A-11D0-8D11-00A0C91BC942}") = "sorting", "sorting.vcxproj", "{A82CC6DE-7F9C-48F4-BABF-143AC2FC250C}"
EndProject
Global
	GlobalSection(SolutionConfigurationPlatforms) = preSolution
		Debug|x64 = Debug|x64
		Debug|x86 = Debug|x86
		Release|x64 = Release|x64
		Release|x86 = Release|x86
	EndGlobalSection
	GlobalSection(ProjectConfigurationPlatforms) = postSolution
		{A82CC6DE-7F9C-48F4-BABF-143AC2FC250C}.Debug|x64.ActiveCfg = Debug|x64
		{A82CC6DE-7F9C-48F4-BABF-143AC2FC250C}.Debug|x64.Build.0 = Debug|x64
		{A82CC6DE-7F9C-48F4-BABF-143AC2FC250C}.Debug|x86.ActiveCfg = Debug|Win32
		{A82CC6DE-7F9C-48F4-BABF-143AC2FC250C}.Debug|x86.Build.0 = Debug|Win32
		{A82CC6DE-7F9C-48F4-BABF-143AC2FC250C}.Release|x64.ActiveCfg = Release|x64
		{A82CC6DE-7F9C-48F4-BABF-143AC2FC250C}.Release|x64.Build.0 = Release|x64
		{A82CC6DE-7F9C-48F4-BABF-143AC2FC250C}.Release|x86.ActiveCfg = Release|Win32
		{A82CC6DE-7F9C-48F4-BABF-143AC2FC250C}.Release|x86.Build.0 = Release|Win32
	EndGlobalSection
	GlobalSection(SolutionProperties) = preSolution
		HideSolutionNode = FALSE
	EndGlobalSection
	GlobalSection(ExtensibilityGlobals) = postSolution
		SolutionGuid = {B5467F40-6AE6-4641-BC34-88D7BBE30852}
	EndGlobalSection
EndGlobal
